# THIS IS AN AUTOGENERATED FILE. DO NOT EDIT THIS FILE DIRECTLY.
# yarn lockfile v1


atom-languageclient@^0.1.2:
  version "0.1.2"
  resolved "https://registry.yarnpkg.com/atom-languageclient/-/atom-languageclient-0.1.2.tgz#b6ed526996962c64114093e119a08f31cb843f00"
  dependencies:
    postinstall-build "^3.0.0"
    vscode-jsonrpc "^3.2.0"

postinstall-build@^3.0.0:
  version "3.0.1"
  resolved "https://registry.yarnpkg.com/postinstall-build/-/postinstall-build-3.0.1.tgz#08cb6ccf15e3a04a0e5c4165a58467556bc750c3"

vscode-jsonrpc@^3.2.0:
  version "3.2.0"
  resolved "https://registry.yarnpkg.com/vscode-jsonrpc/-/vscode-jsonrpc-3.2.0.tgz#c92b946ac385c8b41439b842b6bd07d517b64a7d"
